PODS:
  - advertise (0.0.1):
    - Flutter
    - GDTMobSDK (~> 4.11.7)
  - Flutter (1.0.0)
  - GDTMobSDK (4.11.7):
    - GDTMobSDK/GDTMobSDK (= 4.11.7)
  - GDTMobSDK/GDTMobSDK (4.11.7)

DEPENDENCIES:
  - advertise (from `.symlinks/plugins/advertise/ios`)
  - Flutter (from `Flutter`)

SPEC REPOS:
  trunk:
    - GDTMobSDK

EXTERNAL SOURCES:
  advertise:
    :path: ".symlinks/plugins/advertise/ios"
  Flutter:
    :path: Flutter

SPEC CHECKSUMS:
  advertise: 7b497541f1c0419c21bb57aee789016ee43a7d11
  Flutter: 0e3d915762c693b495b44d77113d4970485de6ec
  GDTMobSDK: edb52f3721c8c62b790b255833e423a00a3d2172

PODFILE CHECKSUM: 3dbe063e9c90a5d7c9e4e76e70a821b9e2c1d271

COCOAPODS: 1.9.3
